
Microsoft Visual Studio Solution File, Format Version 12.00
# Visual Studio Version 17
VisualStudioVersion = 17.8.34408.163
MinimumVisualStudioVersion = 10.0.40219.1
Project("{FAE04EC0-301F-11D3-BF4B-00C04F79EFBC}") = "Task(14.10)", "Task(14.10)\Task(14.10).csproj", "{780A4DC6-83B3-4A5B-8E30-EF2F8F60A9A1}"
EndProject
Global
	GlobalSection(SolutionConfigurationPlatforms) = preSolution
		Debug|Any CPU = Debug|Any CPU
		Release|Any CPU = Release|Any CPU
	EndGlobalSection
	GlobalSection(ProjectConfigurationPlatforms) = postSolution
		{780A4DC6-83B3-4A5B-8E30-EF2F8F60A9A1}.Debug|Any CPU.ActiveCfg = Debug|Any CPU
		{780A4DC6-83B3-4A5B-8E30-EF2F8F60A9A1}.Debug|Any CPU.Build.0 = Debug|Any CPU
		{780A4DC6-83B3-4A5B-8E30-EF2F8F60A9A1}.Release|Any CPU.ActiveCfg = Release|Any CPU
		{780A4DC6-83B3-4A5B-8E30-EF2F8F60A9A1}.Release|Any CPU.Build.0 = Release|Any CPU
	EndGlobalSection
	GlobalSection(SolutionProperties) = preSolution
		HideSolutionNode = FALSE
	EndGlobalSection
	GlobalSection(ExtensibilityGlobals) = postSolution
		SolutionGuid = {8C4628BC-671D-445B-9A13-4BA9F2597BEF}
	EndGlobalSection
EndGlobal
